// !$*UTF8*$!
{
	archiveVersion = 1;
	classes = {
	};
	objectVersion = 46;
	objects = {

/* Begin PBXBuildFile section */
		027606C01A8FB299008A993B /* AppDelegate.swift in Sources */ = {isa = PBXBuildFile; fileRef = 027606BF1A8FB299008A993B /* AppDelegate.swift */; };
		027606C21A8FB299008A993B /* FirstViewController.swift in Sources */ = {isa = PBXBuildFile; fileRef = 027606C11A8FB299008A993B /* FirstViewController.swift */; };
		027606C41A8FB299008A993B /* SecondViewController.swift in Sources */ = {isa = PBXBuildFile; fileRef = 027606C31A8FB299008A993B /* SecondViewController.swift */; };
		027606C71A8FB299008A993B /* Main.storyboard in Resources */ = {isa = PBXBuildFile; fileRef = 027606C51A8FB299008A993B /* Main.storyboard */; };
		027606C91A8FB299008A993B /* Images.xcassets in Resources */ = {isa = PBXBuildFile; fileRef = 027606C81A8FB299008A993B /* Images.xcassets */; };
		027606CC1A8FB299008A993B /* LaunchScreen.xib in Resources */ = {isa = PBXBuildFile; fileRef = 027606CA1A8FB299008A993B /* LaunchScreen.xib */; };
		027606D81A8FB299008A993B /* ShopAppTests.swift in Sources */ = {isa = PBXBuildFile; fileRef = 027606D71A8FB299008A993B /* ShopAppTests.swift */; };
		027606E21A8FB503008A993B /* CustomCell.swift in Sources */ = {isa = PBXBuildFile; fileRef = 027606E11A8FB503008A993B /* CustomCell.swift */; };
		027606F01A901843008A993B /* ThirdViewController.swift in Sources */ = {isa = PBXBuildFile; fileRef = 027606EF1A901843008A993B /* ThirdViewController.swift */; };
		027606F31A91031C008A993B /* FourthViewController.swift in Sources */ = {isa = PBXBuildFile; fileRef = 027606F21A91031C008A993B /* FourthViewController.swift */; };
		027606FC1A91492F008A993B /* CartCell.swift in Sources */ = {isa = PBXBuildFile; fileRef = 027606FB1A91492F008A993B /* CartCell.swift */; };
		027606FE1A914B51008A993B /* FifthViewController.swift in Sources */ = {isa = PBXBuildFile; fileRef = 027606FD1A914B51008A993B /* FifthViewController.swift */; };
		02EDD42F1A918C9700180D4F /* CoreData.framework in Frameworks */ = {isa = PBXBuildFile; fileRef = 02EDD42E1A918C9700180D4F /* CoreData.framework */; };
		02EDD4331A918F1200180D4F /* ShopAppModel.xcdatamodeld in Sources */ = {isa = PBXBuildFile; fileRef = 02EDD4311A918F1200180D4F /* ShopAppModel.xcdatamodeld */; };
		02EDD4371A92E00900180D4F /* DataController.swift in Sources */ = {isa = PBXBuildFile; fileRef = 02EDD4361A92E00900180D4F /* DataController.swift */; };
		02EDD43B1A94457800180D4F /* Product.swift in Sources */ = {isa = PBXBuildFile; fileRef = 02EDD43A1A94457800180D4F /* Product.swift */; };
		A124B9371AAA0F450014A23C /* LoginViewController.swift in Sources */ = {isa = PBXBuildFile; fileRef = A124B9361AAA0F450014A23C /* LoginViewController.swift */; };
		A14A42041AAD0718003D19EE /* FacebookSDK.framework in Frameworks */ = {isa = PBXBuildFile; fileRef = A14A42031AAD0718003D19EE /* FacebookSDK.framework */; };
/* End PBXBuildFile section */

/* Begin PBXContainerItemProxy section */
		027606D21A8FB299008A993B /* PBXContainerItemProxy */ = {
			isa = PBXContainerItemProxy;
			containerPortal = 027606B21A8FB298008A993B /* Project object */;
			proxyType = 1;
			remoteGlobalIDString = 027606B91A8FB298008A993B;
			remoteInfo = ShopApp;
		};
/* End PBXContainerItemProxy section */

/* Begin PBXFileReference section */
		027606BA1A8FB299008A993B /* ShopApp.app */ = {isa = PBXFileReference; explicitFileType = wrapper.application; includeInIndex = 0; path = ShopApp.app; sourceTree = BUILT_PRODUCTS_DIR; };
		027606BE1A8FB299008A993B /* Info.plist */ = {isa = PBXFileReference; lastKnownFileType = text.plist.xml; path = Info.plist; sourceTree = "<group>"; };
		027606BF1A8FB299008A993B /* AppDelegate.swift */ = {isa = PBXFileReference; lastKnownFileType = sourcecode.swift; path = AppDelegate.swift; sourceTree = "<group>"; };
		027606C11A8FB299008A993B /* FirstViewController.swift */ = {isa = PBXFileReference; lastKnownFileType = sourcecode.swift; path = FirstViewController.swift; sourceTree = "<group>"; };
		027606C31A8FB299008A993B /* SecondViewController.swift */ = {isa = PBXFileReference; lastKnownFileType = sourcecode.swift; path = SecondViewController.swift; sourceTree = "<group>"; };
		027606C61A8FB299008A993B /* Base */ = {isa = PBXFileReference; lastKnownFileType = file.storyboard; name = Base; path = Base.lproj/Main.storyboard; sourceTree = "<group>"; };
		027606C81A8FB299008A993B /* Images.xcassets */ = {isa = PBXFileReference; lastKnownFileType = folder.assetcatalog; path = Images.xcassets; sourceTree = "<group>"; };
		027606CB1A8FB299008A993B /* Base */ = {isa = PBXFileReference; lastKnownFileType = file.xib; name = Base; path = Base.lproj/LaunchScreen.xib; sourceTree = "<group>"; };
		027606D11A8FB299008A993B /* ShopAppTests.xctest */ = {isa = PBXFileReference; explicitFileType = wrapper.cfbundle; includeInIndex = 0; path = ShopAppTests.xctest; sourceTree = BUILT_PRODUCTS_DIR; };
		027606D61A8FB299008A993B /* Info.plist */ = {isa = PBXFileReference; lastKnownFileType = text.plist.xml; path = Info.plist; sourceTree = "<group>"; };
		027606D71A8FB299008A993B /* ShopAppTests.swift */ = {isa = PBXFileReference; lastKnownFileType = sourcecode.swift; path = ShopAppTests.swift; sourceTree = "<group>"; };
		027606E11A8FB503008A993B /* CustomCell.swift */ = {isa = PBXFileReference; fileEncoding = 4; lastKnownFileType = sourcecode.swift; path = CustomCell.swift; sourceTree = "<group>"; };
		027606EF1A901843008A993B /* ThirdViewController.swift */ = {isa = PBXFileReference; fileEncoding = 4; lastKnownFileType = sourcecode.swift; path = ThirdViewController.swift; sourceTree = "<group>"; };
		027606F21A91031C008A993B /* FourthViewController.swift */ = {isa = PBXFileReference; fileEncoding = 4; lastKnownFileType = sourcecode.swift; path = FourthViewController.swift; sourceTree = "<group>"; };
		027606FB1A91492F008A993B /* CartCell.swift */ = {isa = PBXFileReference; fileEncoding = 4; lastKnownFileType = sourcecode.swift; path = CartCell.swift; sourceTree = "<group>"; };
		027606FD1A914B51008A993B /* FifthViewController.swift */ = {isa = PBXFileReference; fileEncoding = 4; lastKnownFileType = sourcecode.swift; path = FifthViewController.swift; sourceTree = "<group>"; };
		02EDD42E1A918C9700180D4F /* CoreData.framework */ = {isa = PBXFileReference; lastKnownFileType = wrapper.framework; name = CoreData.framework; path = System/Library/Frameworks/CoreData.framework; sourceTree = SDKROOT; };
		02EDD4321A918F1200180D4F /* ShopAppModel.xcdatamodel */ = {isa = PBXFileReference; lastKnownFileType = wrapper.xcdatamodel; path = ShopAppModel.xcdatamodel; sourceTree = "<group>"; };
		02EDD4361A92E00900180D4F /* DataController.swift */ = {isa = PBXFileReference; fileEncoding = 4; lastKnownFileType = sourcecode.swift; path = DataController.swift; sourceTree = "<group>"; };
		02EDD43A1A94457800180D4F /* Product.swift */ = {isa = PBXFileReference; fileEncoding = 4; lastKnownFileType = sourcecode.swift; name = Product.swift; path = ../Product.swift; sourceTree = "<group>"; };
		A124B9361AAA0F450014A23C /* LoginViewController.swift */ = {isa = PBXFileReference; fileEncoding = 4; lastKnownFileType = sourcecode.swift; path = LoginViewController.swift; sourceTree = "<group>"; };
		A14A42031AAD0718003D19EE /* FacebookSDK.framework */ = {isa = PBXFileReference; lastKnownFileType = wrapper.framework; name = FacebookSDK.framework; path = ../../../Documents/FacebookSDK/FacebookSDK.framework; sourceTree = "<group>"; };
		A14A42051AAD0D75003D19EE /* Bridging-Header.h */ = {isa = PBXFileReference; lastKnownFileType = sourcecode.c.h; path = "Bridging-Header.h"; sourceTree = "<group>"; };
/* End PBXFileReference section */

/* Begin PBXFrameworksBuildPhase section */
		027606B71A8FB298008A993B /* Frameworks */ = {
			isa = PBXFrameworksBuildPhase;
			buildActionMask = 2147483647;
			files = (
				02EDD42F1A918C9700180D4F /* CoreData.framework in Frameworks */,
				A14A42041AAD0718003D19EE /* FacebookSDK.framework in Frameworks */,
			);
			runOnlyForDeploymentPostprocessing = 0;
		};
		027606CE1A8FB299008A993B /* Frameworks */ = {
			isa = PBXFrameworksBuildPhase;
			buildActionMask = 2147483647;
			files = (
			);
			runOnlyForDeploymentPostprocessing = 0;
		};
/* End PBXFrameworksBuildPhase section */

/* Begin PBXGroup section */
		027606B11A8FB298008A993B = {
			isa = PBXGroup;
			children = (
				027606BC1A8FB299008A993B /* ShopApp */,
				027606D41A8FB299008A993B /* ShopAppTests */,
				027606BB1A8FB299008A993B /* Products */,
			);
			sourceTree = "<group>";
		};
		027606BB1A8FB299008A993B /* Products */ = {
			isa = PBXGroup;
			children = (
				027606BA1A8FB299008A993B /* ShopApp.app */,
				027606D11A8FB299008A993B /* ShopAppTests.xctest */,
			);
			name = Products;
			sourceTree = "<group>";
		};
		027606BC1A8FB299008A993B /* ShopApp */ = {
			isa = PBXGroup;
			children = (
				027606BF1A8FB299008A993B /* AppDelegate.swift */,
				A124B9381AAA0F4D0014A23C /* Login Area */,
				027606F11A9101EE008A993B /* Feed Area */,
				027606F61A9105EA008A993B /* Friends Ares */,
				027606F71A9105FD008A993B /* Add A Deriv Area */,
				027606F81A910634008A993B /* Profile Area */,
				027606FA1A91064F008A993B /* Cart Area */,
				027606C51A8FB299008A993B /* Main.storyboard */,
				02EDD4311A918F1200180D4F /* ShopAppModel.xcdatamodeld */,
				02EDD43A1A94457800180D4F /* Product.swift */,
				027606C81A8FB299008A993B /* Images.xcassets */,
				027606CA1A8FB299008A993B /* LaunchScreen.xib */,
				02EDD4301A918CB500180D4F /* Frameworks */,
				027606BD1A8FB299008A993B /* Supporting Files */,
			);
			path = ShopApp;
			sourceTree = "<group>";
		};
		027606BD1A8FB299008A993B /* Supporting Files */ = {
			isa = PBXGroup;
			children = (
				027606BE1A8FB299008A993B /* Info.plist */,
				A14A42051AAD0D75003D19EE /* Bridging-Header.h */,
			);
			name = "Supporting Files";
			sourceTree = "<group>";
		};
		027606D41A8FB299008A993B /* ShopAppTests */ = {
			isa = PBXGroup;
			children = (
				027606D71A8FB299008A993B /* ShopAppTests.swift */,
				027606D51A8FB299008A993B /* Supporting Files */,
			);
			path = ShopAppTests;
			sourceTree = "<group>";
		};
		027606D51A8FB299008A993B /* Supporting Files */ = {
			isa = PBXGroup;
			children = (
				027606D61A8FB299008A993B /* Info.plist */,
			);
			name = "Supporting Files";
			sourceTree = "<group>";
		};
		027606F11A9101EE008A993B /* Feed Area */ = {
			isa = PBXGroup;
			children = (
				027606C11A8FB299008A993B /* FirstViewController.swift */,
				02EDD4361A92E00900180D4F /* DataController.swift */,
				027606E11A8FB503008A993B /* CustomCell.swift */,
			);
			name = "Feed Area";
			sourceTree = "<group>";
		};
		027606F61A9105EA008A993B /* Friends Ares */ = {
			isa = PBXGroup;
			children = (
				027606C31A8FB299008A993B /* SecondViewController.swift */,
			);
			name = "Friends Ares";
			sourceTree = "<group>";
		};
		027606F71A9105FD008A993B /* Add A Deriv Area */ = {
			isa = PBXGroup;
			children = (
				027606EF1A901843008A993B /* ThirdViewController.swift */,
			);
			name = "Add A Deriv Area";
			sourceTree = "<group>";
		};
		027606F81A910634008A993B /* Profile Area */ = {
			isa = PBXGroup;
			children = (
				027606F21A91031C008A993B /* FourthViewController.swift */,
			);
			name = "Profile Area";
			sourceTree = "<group>";
		};
		027606FA1A91064F008A993B /* Cart Area */ = {
			isa = PBXGroup;
			children = (
				027606FD1A914B51008A993B /* FifthViewController.swift */,
				027606FB1A91492F008A993B /* CartCell.swift */,
			);
			name = "Cart Area";
			sourceTree = "<group>";
		};
		02EDD4301A918CB500180D4F /* Frameworks */ = {
			isa = PBXGroup;
			children = (
				A14A42031AAD0718003D19EE /* FacebookSDK.framework */,
				02EDD42E1A918C9700180D4F /* CoreData.framework */,
			);
			name = Frameworks;
			path = ..;
			sourceTree = "<group>";
		};
		A124B9381AAA0F4D0014A23C /* Login Area */ = {
			isa = PBXGroup;
			children = (
				A124B9361AAA0F450014A23C /* LoginViewController.swift */,
			);
			name = "Login Area";
			sourceTree = "<group>";
		};
/* End PBXGroup section */

/* Begin PBXNativeTarget section */
		027606B91A8FB298008A993B /* ShopApp */ = {
			isa = PBXNativeTarget;
			buildConfigurationList = 027606DB1A8FB299008A993B /* Build configuration list for PBXNativeTarget "ShopApp" */;
			buildPhases = (
				027606B61A8FB298008A993B /* Sources */,
				027606B71A8FB298008A993B /* Frameworks */,
				027606B81A8FB298008A993B /* Resources */,
			);
			buildRules = (
			);
			dependencies = (
			);
			name = ShopApp;
			productName = ShopApp;
			productReference = 027606BA1A8FB299008A993B /* ShopApp.app */;
			productType = "com.apple.product-type.application";
		};
		027606D01A8FB299008A993B /* ShopAppTests */ = {
			isa = PBXNativeTarget;
			buildConfigurationList = 027606DE1A8FB299008A993B /* Build configuration list for PBXNativeTarget "ShopAppTests" */;
			buildPhases = (
				027606CD1A8FB299008A993B /* Sources */,
				027606CE1A8FB299008A993B /* Frameworks */,
				027606CF1A8FB299008A993B /* Resources */,
			);
			buildRules = (
			);
			dependencies = (
				027606D31A8FB299008A993B /* PBXTargetDependency */,
			);
			name = ShopAppTests;
			productName = ShopAppTests;
			productReference = 027606D11A8FB299008A993B /* ShopAppTests.xctest */;
			productType = "com.apple.product-type.bundle.unit-test";
		};
/* End PBXNativeTarget section */

/* Begin PBXProject section */
		027606B21A8FB298008A993B /* Project object */ = {
			isa = PBXProject;
			attributes = {
				LastUpgradeCheck = 0610;
				ORGANIZATIONNAME = "Jared Mermey";
				TargetAttributes = {
					027606B91A8FB298008A993B = {
						CreatedOnToolsVersion = 6.1.1;
					};
					027606D01A8FB299008A993B = {
						CreatedOnToolsVersion = 6.1.1;
						TestTargetID = 027606B91A8FB298008A993B;
					};
				};
			};
			buildConfigurationList = 027606B51A8FB298008A993B /* Build configuration list for PBXProject "ShopApp" */;
			compatibilityVersion = "Xcode 3.2";
			developmentRegion = English;
			hasScannedForEncodings = 0;
			knownRegions = (
				en,
				Base,
			);
			mainGroup = 027606B11A8FB298008A993B;
			productRefGroup = 027606BB1A8FB299008A993B /* Products */;
			projectDirPath = "";
			projectRoot = "";
			targets = (
				027606B91A8FB298008A993B /* ShopApp */,
				027606D01A8FB299008A993B /* ShopAppTests */,
			);
		};
/* End PBXProject section */

/* Begin PBXResourcesBuildPhase section */
		027606B81A8FB298008A993B /* Resources */ = {
			isa = PBXResourcesBuildPhase;
			buildActionMask = 2147483647;
			files = (
				027606C71A8FB299008A993B /* Main.storyboard in Resources */,
				027606CC1A8FB299008A993B /* LaunchScreen.xib in Resources */,
				027606C91A8FB299008A993B /* Images.xcassets in Resources */,
			);
			runOnlyForDeploymentPostprocessing = 0;
		};
		027606CF1A8FB299008A993B /* Resources */ = {
			isa = PBXResourcesBuildPhase;
			buildActionMask = 2147483647;
			files = (
			);
			runOnlyForDeploymentPostprocessing = 0;
		};
/* End PBXResourcesBuildPhase section */

/* Begin PBXSourcesBuildPhase section */
		027606B61A8FB298008A993B /* Sources */ = {
			isa = PBXSourcesBuildPhase;
			buildActionMask = 2147483647;
			files = (
				A124B9371AAA0F450014A23C /* LoginViewController.swift in Sources */,
				027606FE1A914B51008A993B /* FifthViewController.swift in Sources */,
				027606C41A8FB299008A993B /* SecondViewController.swift in Sources */,
				027606C01A8FB299008A993B /* AppDelegate.swift in Sources */,
				027606F31A91031C008A993B /* FourthViewController.swift in Sources */,
				02EDD4331A918F1200180D4F /* ShopAppModel.xcdatamodeld in Sources */,
				02EDD43B1A94457800180D4F /* Product.swift in Sources */,
				02EDD4371A92E00900180D4F /* DataController.swift in Sources */,
				027606E21A8FB503008A993B /* CustomCell.swift in Sources */,
				027606F01A901843008A993B /* ThirdViewController.swift in Sources */,
				027606FC1A91492F008A993B /* CartCell.swift in Sources */,
				027606C21A8FB299008A993B /* FirstViewController.swift in Sources */,
			);
			runOnlyForDeploymentPostprocessing = 0;
		};
		027606CD1A8FB299008A993B /* Sources */ = {
			isa = PBXSourcesBuildPhase;
			buildActionMask = 2147483647;
			files = (
				027606D81A8FB299008A993B /* ShopAppTests.swift in Sources */,
			);
			runOnlyForDeploymentPostprocessing = 0;
		};
/* End PBXSourcesBuildPhase section */

/* Begin PBXTargetDependency section */
		027606D31A8FB299008A993B /* PBXTargetDependency */ = {
			isa = PBXTargetDependency;
			target = 027606B91A8FB298008A993B /* ShopApp */;
			targetProxy = 027606D21A8FB299008A993B /* PBXContainerItemProxy */;
		};
/* End PBXTargetDependency section */

/* Begin PBXVariantGroup section */
		027606C51A8FB299008A993B /* Main.storyboard */ = {
			isa = PBXVariantGroup;
			children = (
				027606C61A8FB299008A993B /* Base */,
			);
			name = Main.storyboard;
			sourceTree = "<group>";
		};
		027606CA1A8FB299008A993B /* LaunchScreen.xib */ = {
			isa = PBXVariantGroup;
			children = (
				027606CB1A8FB299008A993B /* Base */,
			);
			name = LaunchScreen.xib;
			sourceTree = "<group>";
		};
/* End PBXVariantGroup section */

/* Begin XCBuildConfiguration section */
		027606D91A8FB299008A993B /* Debug */ = {
			isa = XCBuildConfiguration;
			buildSettings = {
				ALWAYS_SEARCH_USER_PATHS = NO;
				CLANG_CXX_LANGUAGE_STANDARD = "gnu++0x";
				CLANG_CXX_LIBRARY = "libc++";
				CLANG_ENABLE_MODULES = YES;
				CLANG_ENABLE_OBJC_ARC = YES;
				CLANG_WARN_BOOL_CONVERSION = YES;
				CLANG_WARN_CONSTANT_CONVERSION = YES;
				CLANG_WARN_DIRECT_OBJC_ISA_USAGE = YES_ERROR;
				CLANG_WARN_EMPTY_BODY = YES;
				CLANG_WARN_ENUM_CONVERSION = YES;
				CLANG_WARN_INT_CONVERSION = YES;
				CLANG_WARN_OBJC_ROOT_CLASS = YES_ERROR;
				CLANG_WARN_UNREACHABLE_CODE = YES;
				CLANG_WARN__DUPLICATE_METHOD_MATCH = YES;
				"CODE_SIGN_IDENTITY[sdk=iphoneos*]" = "iPhone Developer";
				COPY_PHASE_STRIP = NO;
				ENABLE_STRICT_OBJC_MSGSEND = YES;
				GCC_C_LANGUAGE_STANDARD = gnu99;
				GCC_DYNAMIC_NO_PIC = NO;
				GCC_OPTIMIZATION_LEVEL = 0;
				GCC_PREPROCESSOR_DEFINITIONS = (
					"DEBUG=1",
					"$(inherited)",
				);
				GCC_SYMBOLS_PRIVATE_EXTERN = NO;
				GCC_WARN_64_TO_32_BIT_CONVERSION = YES;
				GCC_WARN_ABOUT_RETURN_TYPE = YES_ERROR;
				GCC_WARN_UNDECLARED_SELECTOR = YES;
				GCC_WARN_UNINITIALIZED_AUTOS = YES_AGGRESSIVE;
				GCC_WARN_UNUSED_FUNCTION = YES;
				GCC_WARN_UNUSED_VARIABLE = YES;
				IPHONEOS_DEPLOYMENT_TARGET = 8.1;
				MTL_ENABLE_DEBUG_INFO = YES;
				ONLY_ACTIVE_ARCH = YES;
				SDKROOT = iphoneos;
				SWIFT_OPTIMIZATION_LEVEL = "-Onone";
				TARGETED_DEVICE_FAMILY = "1,2";
			};
			name = Debug;
		};
		027606DA1A8FB299008A993B /* Release */ = {
			isa = XCBuildConfiguration;
			buildSettings = {
				ALWAYS_SEARCH_USER_PATHS = NO;
				CLANG_CXX_LANGUAGE_STANDARD = "gnu++0x";
				CLANG_CXX_LIBRARY = "libc++";
				CLANG_ENABLE_MODULES = YES;
				CLANG_ENABLE_OBJC_ARC = YES;
				CLANG_WARN_BOOL_CONVERSION = YES;
				CLANG_WARN_CONSTANT_CONVERSION = YES;
				CLANG_WARN_DIRECT_OBJC_ISA_USAGE = YES_ERROR;
				CLANG_WARN_EMPTY_BODY = YES;
				CLANG_WARN_ENUM_CONVERSION = YES;
				CLANG_WARN_INT_CONVERSION = YES;
				CLANG_WARN_OBJC_ROOT_CLASS = YES_ERROR;
				CLANG_WARN_UNREACHABLE_CODE = YES;
				CLANG_WARN__DUPLICATE_METHOD_MATCH = YES;
				"CODE_SIGN_IDENTITY[sdk=iphoneos*]" = "iPhone Developer";
				COPY_PHASE_STRIP = YES;
				ENABLE_NS_ASSERTIONS = NO;
				ENABLE_STRICT_OBJC_MSGSEND = YES;
				GCC_C_LANGUAGE_STANDARD = gnu99;
				GCC_WARN_64_TO_32_BIT_CONVERSION = YES;
				GCC_WARN_ABOUT_RETURN_TYPE = YES_ERROR;
				GCC_WARN_UNDECLARED_SELECTOR = YES;
				GCC_WARN_UNINITIALIZED_AUTOS = YES_AGGRESSIVE;
				GCC_WARN_UNUSED_FUNCTION = YES;
				GCC_WARN_UNUSED_VARIABLE = YES;
				IPHONEOS_DEPLOYMENT_TARGET = 8.1;
				MTL_ENABLE_DEBUG_INFO = NO;
				SDKROOT = iphoneos;
				TARGETED_DEVICE_FAMILY = "1,2";
				VALIDATE_PRODUCT = YES;
			};
			name = Release;
		};
		027606DC1A8FB299008A993B /* Debug */ = {
			isa = XCBuildConfiguration;
			buildSettings = {
				ASSETCATALOG_COMPILER_APPICON_NAME = AppIcon;
				FRAMEWORK_SEARCH_PATHS = (
					"$(inherited)",
					/Users/boris/Documents/FacebookSDK,
				);
				INFOPLIST_FILE = ShopApp/Info.plist;
				LD_RUNPATH_SEARCH_PATHS = "$(inherited) @executable_path/Frameworks";
				PRODUCT_NAME = "$(TARGET_NAME)";
				SWIFT_OBJC_BRIDGING_HEADER = "ShopApp/Bridging-Header.h";
			};
			name = Debug;
		};
		027606DD1A8FB299008A993B /* Release */ = {
			isa = XCBuildConfiguration;
			buildSettings = {
				ASSETCATALOG_COMPILER_APPICON_NAME = AppIcon;
				FRAMEWORK_SEARCH_PATHS = (
					"$(inherited)",
					/Users/boris/Documents/FacebookSDK,
				);
				INFOPLIST_FILE = ShopApp/Info.plist;
				LD_RUNPATH_SEARCH_PATHS = "$(inherited) @executable_path/Frameworks";
				PRODUCT_NAME = "$(TARGET_NAME)";
				SWIFT_OBJC_BRIDGING_HEADER = "ShopApp/Bridging-Header.h";
			};
			name = Release;
		};
		027606DF1A8FB299008A993B /* Debug */ = {
			isa = XCBuildConfiguration;
			buildSettings = {
				BUNDLE_LOADER = "$(TEST_HOST)";
				FRAMEWORK_SEARCH_PATHS = (
					"$(SDKROOT)/Developer/Library/Frameworks",
					"$(inherited)",
				);
				GCC_PREPROCESSOR_DEFINITIONS = (
					"DEBUG=1",
					"$(inherited)",
				);
				INFOPLIST_FILE = ShopAppTests/Info.plist;
				LD_RUNPATH_SEARCH_PATHS = "$(inherited) @executable_path/Frameworks @loader_path/Frameworks";
				PRODUCT_NAME = "$(TARGET_NAME)";
				TEST_HOST = "$(BUILT_PRODUCTS_DIR)/ShopApp.app/ShopApp";
			};
			name = Debug;
		};
		027606E01A8FB299008A993B /* Release */ = {
			isa = XCBuildConfiguration;
			buildSettings = {
				BUNDLE_LOADER = "$(TEST_HOST)";
				FRAMEWORK_SEARCH_PATHS = (
					"$(SDKROOT)/Developer/Library/Frameworks",
					"$(inherited)",
				);
				INFOPLIST_FILE = ShopAppTests/Info.plist;
				LD_RUNPATH_SEARCH_PATHS = "$(inherited) @executable_path/Frameworks @loader_path/Frameworks";
				PRODUCT_NAME = "$(TARGET_NAME)";
				TEST_HOST = "$(BUILT_PRODUCTS_DIR)/ShopApp.app/ShopApp";
			};
			name = Release;
		};
/* End XCBuildConfiguration section */

/* Begin XCConfigurationList section */
		027606B51A8FB298008A993B /* Build configuration list for PBXProject "ShopApp" */ = {
			isa = XCConfigurationList;
			buildConfigurations = (
				027606D91A8FB299008A993B /* Debug */,
				027606DA1A8FB299008A993B /* Release */,
			);
			defaultConfigurationIsVisible = 0;
			defaultConfigurationName = Release;
		};
		027606DB1A8FB299008A993B /* Build configuration list for PBXNativeTarget "ShopApp" */ = {
			isa = XCConfigurationList;
			buildConfigurations = (
				027606DC1A8FB299008A993B /* Debug */,
				027606DD1A8FB299008A993B /* Release */,
			);
			defaultConfigurationIsVisible = 0;
			defaultConfigurationName = Release;
		};
		027606DE1A8FB299008A993B /* Build configuration list for PBXNativeTarget "ShopAppTests" */ = {
			isa = XCConfigurationList;
			buildConfigurations = (
				027606DF1A8FB299008A993B /* Debug */,
				027606E01A8FB299008A993B /* Release */,
			);
			defaultConfigurationIsVisible = 0;
			defaultConfigurationName = Release;
		};
/* End XCConfigurationList section */

/* Begin XCVersionGroup section */
		02EDD4311A918F1200180D4F /* ShopAppModel.xcdatamodeld */ = {
			isa = XCVersionGroup;
			children = (
				02EDD4321A918F1200180D4F /* ShopAppModel.xcdatamodel */,
			);
			currentVersion = 02EDD4321A918F1200180D4F /* ShopAppModel.xcdatamodel */;
			path = ShopAppModel.xcdatamodeld;
			sourceTree = "<group>";
			versionGroupType = wrapper.xcdatamodel;
		};
/* End XCVersionGroup section */
	};
	rootObject = 027606B21A8FB298008A993B /* Project object */;
}
